PODS:
  - feature_mind (0.1.0):
    - FlutterMacOS
  - FlutterMacOS (1.0.0)
  - record_macos (1.2.1):
    - FlutterMacOS

DEPENDENCIES:
  - feature_mind (from `Flutter/ephemeral/.symlinks/plugins/feature_mind/macos`)
  - FlutterMacOS (from `Flutter/ephemeral`)
  - record_macos (from `Flutter/ephemeral/.symlinks/plugins/record_macos/macos`)

EXTERNAL SOURCES:
  feature_mind:
    :path: Flutter/ephemeral/.symlinks/plugins/feature_mind/macos
  FlutterMacOS:
    :path: Flutter/ephemeral
  record_macos:
    :path: Flutter/ephemeral/.symlinks/plugins/record_macos/macos

SPEC CHECKSUMS:
  feature_mind: e42d3f369a2064a7b53321b065ec96ee6d89d2e7
  FlutterMacOS: d0db08ddef1a9af05a5ec4b724367152bb0500b1
  record_macos: 5d55909f9650314be6424ffd6b123ac75a08c3c1

PODFILE CHECKSUM: 089b455a1078ce08bd26a8f277fb6dbb70ccfeea

COCOAPODS: 1.16.2
